
Microsoft Visual Studio Solution File, Format Version 12.00
# Visual Studio Version 17
VisualStudioVersion = 17.5.33516.290
MinimumVisualStudioVersion = 10.0.40219.1
Project("{9A19103F-16F7-4668-BE54-9A1E7A4F7556}") = "WebsiteTester.Domain", "WebsiteTester.Domain\WebsiteTester.Domain.csproj", "{EFBEA8F7-3551-40E6-BECF-5CF2AA14A658}"
EndProject
Project("{9A19103F-16F7-4668-BE54-9A1E7A4F7556}") = "WebsiteTester.Application", "WebsiteTester.Application\WebsiteTester.Application.csproj", "{5A4E79B5-3814-4792-9520-FD035B0B970C}"
EndProject
Project("{2150E333-8FDC-42A3-9474-1A3956D46DE8}") = "src", "src", "{54BC7388-856B-4437-838E-8757CEFAF961}"
EndProject
Project("{2150E333-8FDC-42A3-9474-1A3956D46DE8}") = "tests", "tests", "{59E1CE79-BEBC-46C9-9D07-C2FA3D363F75}"
EndProject
Project("{9A19103F-16F7-4668-BE54-9A1E7A4F7556}") = "WebsiteTester.Infrastructure", "WebsiteTester.Infrastructure\WebsiteTester.Infrastructure.csproj", "{7B5881E8-11A6-44C1-9E07-B22428F47D55}"
EndProject
Project("{2150E333-8FDC-42A3-9474-1A3956D46DE8}") = "Presentation", "Presentation", "{13E1926A-B9BB-414B-9687-D60B63797A7D}"
EndProject
Project("{9A19103F-16F7-4668-BE54-9A1E7A4F7556}") = "WebsiteTester.MVC", "WebsiteTester.MVC\WebsiteTester.MVC.csproj", "{E30899A6-A24B-49C9-BA7E-DF32A5EDC533}"
EndProject
Project("{9A19103F-16F7-4668-BE54-9A1E7A4F7556}") = "WebsiteTester.Presentation", "WebsiteTester.Presentation\WebsiteTester.Presentation.csproj", "{2DBF7FDB-2006-493B-BC50-80D17EFA1D8D}"
EndProject
Project("{9A19103F-16F7-4668-BE54-9A1E7A4F7556}") = "WebsiteTester.WebApi", "WebsiteTester.WebApi\WebsiteTester.WebApi.csproj", "{15012FFA-3EAC-4695-8158-E5C57160E195}"
EndProject
Project("{9A19103F-16F7-4668-BE54-9A1E7A4F7556}") = "WebsiteTester.Crawler", "WebsiteTester.Crawler\WebsiteTester.Crawler.csproj", "{81FB2309-4DE4-4AE1-A2F8-883D69B2229D}"
EndProject
Project("{2150E333-8FDC-42A3-9474-1A3956D46DE8}") = "Infrastructure", "Infrastructure", "{17103040-320F-4557-B339-4CCC0D8F0370}"
EndProject
Project("{9A19103F-16F7-4668-BE54-9A1E7A4F7556}") = "WebsiteTester.Persistance", "WebsiteTester.Persistance\WebsiteTester.Persistance.csproj", "{9089A3DE-053B-4C12-8A49-0072BEA0E526}"
EndProject
Project("{2150E333-8FDC-42A3-9474-1A3956D46DE8}") = "Application", "Application", "{43B779B1-AB1C-4DFE-874C-D5F1444B05F5}"
EndProject
Project("{9A19103F-16F7-4668-BE54-9A1E7A4F7556}") = "WebsiteTester.Presentation.Tests", "WebsiteTester.Presentation.Tests\WebsiteTester.Presentation.Tests.csproj", "{EE45AB8B-D999-44E4-B03A-3E216BCDA26B}"
EndProject
Project("{9A19103F-16F7-4668-BE54-9A1E7A4F7556}") = "WebsiteTester.Tests", "WebsiteTester.Tests\WebsiteTester.Tests.csproj", "{ECAEC51C-2301-420A-AECE-7810AF19AB4F}"
EndProject
Global
	GlobalSection(SolutionConfigurationPlatforms) = preSolution
		Debug|Any CPU = Debug|Any CPU
		Release|Any CPU = Release|Any CPU
	EndGlobalSection
	GlobalSection(ProjectConfigurationPlatforms) = postSolution
		{EFBEA8F7-3551-40E6-BECF-5CF2AA14A658}.Debug|Any CPU.ActiveCfg = Debug|Any CPU
		{EFBEA8F7-3551-40E6-BECF-5CF2AA14A658}.Debug|Any CPU.Build.0 = Debug|Any CPU
		{EFBEA8F7-3551-40E6-BECF-5CF2AA14A658}.Release|Any CPU.ActiveCfg = Release|Any CPU
		{EFBEA8F7-3551-40E6-BECF-5CF2AA14A658}.Release|Any CPU.Build.0 = Release|Any CPU
		{5A4E79B5-3814-4792-9520-FD035B0B970C}.Debug|Any CPU.ActiveCfg = Debug|Any CPU
		{5A4E79B5-3814-4792-9520-FD035B0B970C}.Debug|Any CPU.Build.0 = Debug|Any CPU
		{5A4E79B5-3814-4792-9520-FD035B0B970C}.Release|Any CPU.ActiveCfg = Release|Any CPU
		{5A4E79B5-3814-4792-9520-FD035B0B970C}.Release|Any CPU.Build.0 = Release|Any CPU
		{7B5881E8-11A6-44C1-9E07-B22428F47D55}.Debug|Any CPU.ActiveCfg = Debug|Any CPU
		{7B5881E8-11A6-44C1-9E07-B22428F47D55}.Debug|Any CPU.Build.0 = Debug|Any CPU
		{7B5881E8-11A6-44C1-9E07-B22428F47D55}.Release|Any CPU.ActiveCfg = Release|Any CPU
		{7B5881E8-11A6-44C1-9E07-B22428F47D55}.Release|Any CPU.Build.0 = Release|Any CPU
		{E30899A6-A24B-49C9-BA7E-DF32A5EDC533}.Debug|Any CPU.ActiveCfg = Debug|Any CPU
		{E30899A6-A24B-49C9-BA7E-DF32A5EDC533}.Debug|Any CPU.Build.0 = Debug|Any CPU
		{E30899A6-A24B-49C9-BA7E-DF32A5EDC533}.Release|Any CPU.ActiveCfg = Release|Any CPU
		{E30899A6-A24B-49C9-BA7E-DF32A5EDC533}.Release|Any CPU.Build.0 = Release|Any CPU
		{2DBF7FDB-2006-493B-BC50-80D17EFA1D8D}.Debug|Any CPU.ActiveCfg = Debug|Any CPU
		{2DBF7FDB-2006-493B-BC50-80D17EFA1D8D}.Debug|Any CPU.Build.0 = Debug|Any CPU
		{2DBF7FDB-2006-493B-BC50-80D17EFA1D8D}.Release|Any CPU.ActiveCfg = Release|Any CPU
		{2DBF7FDB-2006-493B-BC50-80D17EFA1D8D}.Release|Any CPU.Build.0 = Release|Any CPU
		{15012FFA-3EAC-4695-8158-E5C57160E195}.Debug|Any CPU.ActiveCfg = Debug|Any CPU
		{15012FFA-3EAC-4695-8158-E5C57160E195}.Debug|Any CPU.Build.0 = Debug|Any CPU
		{15012FFA-3EAC-4695-8158-E5C57160E195}.Release|Any CPU.ActiveCfg = Release|Any CPU
		{15012FFA-3EAC-4695-8158-E5C57160E195}.Release|Any CPU.Build.0 = Release|Any CPU
		{81FB2309-4DE4-4AE1-A2F8-883D69B2229D}.Debug|Any CPU.ActiveCfg = Debug|Any CPU
		{81FB2309-4DE4-4AE1-A2F8-883D69B2229D}.Debug|Any CPU.Build.0 = Debug|Any CPU
		{81FB2309-4DE4-4AE1-A2F8-883D69B2229D}.Release|Any CPU.ActiveCfg = Release|Any CPU
		{81FB2309-4DE4-4AE1-A2F8-883D69B2229D}.Release|Any CPU.Build.0 = Release|Any CPU
		{9089A3DE-053B-4C12-8A49-0072BEA0E526}.Debug|Any CPU.ActiveCfg = Debug|Any CPU
		{9089A3DE-053B-4C12-8A49-0072BEA0E526}.Debug|Any CPU.Build.0 = Debug|Any CPU
		{9089A3DE-053B-4C12-8A49-0072BEA0E526}.Release|Any CPU.ActiveCfg = Release|Any CPU
		{9089A3DE-053B-4C12-8A49-0072BEA0E526}.Release|Any CPU.Build.0 = Release|Any CPU
		{EE45AB8B-D999-44E4-B03A-3E216BCDA26B}.Debug|Any CPU.ActiveCfg = Debug|Any CPU
		{EE45AB8B-D999-44E4-B03A-3E216BCDA26B}.Debug|Any CPU.Build.0 = Debug|Any CPU
		{EE45AB8B-D999-44E4-B03A-3E216BCDA26B}.Release|Any CPU.ActiveCfg = Release|Any CPU
		{EE45AB8B-D999-44E4-B03A-3E216BCDA26B}.Release|Any CPU.Build.0 = Release|Any CPU
		{ECAEC51C-2301-420A-AECE-7810AF19AB4F}.Debug|Any CPU.ActiveCfg = Debug|Any CPU
		{ECAEC51C-2301-420A-AECE-7810AF19AB4F}.Debug|Any CPU.Build.0 = Debug|Any CPU
		{ECAEC51C-2301-420A-AECE-7810AF19AB4F}.Release|Any CPU.ActiveCfg = Release|Any CPU
		{ECAEC51C-2301-420A-AECE-7810AF19AB4F}.Release|Any CPU.Build.0 = Release|Any CPU
	EndGlobalSection
	GlobalSection(SolutionProperties) = preSolution
		HideSolutionNode = FALSE
	EndGlobalSection
	GlobalSection(NestedProjects) = preSolution
		{EFBEA8F7-3551-40E6-BECF-5CF2AA14A658} = {54BC7388-856B-4437-838E-8757CEFAF961}
		{5A4E79B5-3814-4792-9520-FD035B0B970C} = {43B779B1-AB1C-4DFE-874C-D5F1444B05F5}
		{7B5881E8-11A6-44C1-9E07-B22428F47D55} = {17103040-320F-4557-B339-4CCC0D8F0370}
		{13E1926A-B9BB-414B-9687-D60B63797A7D} = {54BC7388-856B-4437-838E-8757CEFAF961}
		{E30899A6-A24B-49C9-BA7E-DF32A5EDC533} = {13E1926A-B9BB-414B-9687-D60B63797A7D}
		{2DBF7FDB-2006-493B-BC50-80D17EFA1D8D} = {13E1926A-B9BB-414B-9687-D60B63797A7D}
		{15012FFA-3EAC-4695-8158-E5C57160E195} = {13E1926A-B9BB-414B-9687-D60B63797A7D}
		{81FB2309-4DE4-4AE1-A2F8-883D69B2229D} = {43B779B1-AB1C-4DFE-874C-D5F1444B05F5}
		{17103040-320F-4557-B339-4CCC0D8F0370} = {54BC7388-856B-4437-838E-8757CEFAF961}
		{9089A3DE-053B-4C12-8A49-0072BEA0E526} = {17103040-320F-4557-B339-4CCC0D8F0370}
		{43B779B1-AB1C-4DFE-874C-D5F1444B05F5} = {54BC7388-856B-4437-838E-8757CEFAF961}
		{EE45AB8B-D999-44E4-B03A-3E216BCDA26B} = {59E1CE79-BEBC-46C9-9D07-C2FA3D363F75}
		{ECAEC51C-2301-420A-AECE-7810AF19AB4F} = {59E1CE79-BEBC-46C9-9D07-C2FA3D363F75}
	EndGlobalSection
	GlobalSection(ExtensibilityGlobals) = postSolution
		SolutionGuid = {AA4A9CD4-EE9A-49A9-9CF3-727ECE762563}
	EndGlobalSection
EndGlobal
