
Microsoft Visual Studio Solution File, Format Version 12.00
# Visual Studio Version 17
VisualStudioVersion = 17.5.33424.131
MinimumVisualStudioVersion = 10.0.40219.1
Project("{9A19103F-16F7-4668-BE54-9A1E7A4F7556}") = "WebsiteTester", "WebsiteTester\WebsiteTester.csproj", "{3A02869A-ABCB-4E0A-B49E-E783F0A24DED}"
EndProject
Project("{9A19103F-16F7-4668-BE54-9A1E7A4F7556}") = "WebsiteTester.Presentation", "WebsiteTester.Presentation\WebsiteTester.Presentation.csproj", "{675E3DA3-D6CF-414D-876D-925547453E21}"
EndProject
Project("{9A19103F-16F7-4668-BE54-9A1E7A4F7556}") = "WebsiteTester.Tests", "WebsiteTester.Tests\WebsiteTester.Tests.csproj", "{0A5DA195-F56B-4ED6-BD4A-C5AED40FCF10}"
EndProject
Project("{9A19103F-16F7-4668-BE54-9A1E7A4F7556}") = "WebsiteTester.Presentation.Tests", "WebsiteTester.Presentation.Tests\WebsiteTester.Presentation.Tests.csproj", "{84E1B124-9476-40DF-9ED1-0739C454CDC3}"
EndProject
Project("{9A19103F-16F7-4668-BE54-9A1E7A4F7556}") = "WebsiteTester.Domain", "WebsiteTester.Domain\WebsiteTester.Domain.csproj", "{C65E29E9-8A3D-4D94-91E2-4126F60D70D3}"
EndProject
Project("{9A19103F-16F7-4668-BE54-9A1E7A4F7556}") = "WebsiteTester.Persistence", "WebsiteTester.Persistence\WebsiteTester.Persistence.csproj", "{30AB6E84-7BFB-4B28-9316-E8BC91920A68}"
EndProject
Project("{9A19103F-16F7-4668-BE54-9A1E7A4F7556}") = "WebsiteTester.MVC", "WebsiteTester.MVC\WebsiteTester.MVC.csproj", "{59703290-A843-404C-B71F-0A15F2DA6591}"
EndProject
Global
	GlobalSection(SolutionConfigurationPlatforms) = preSolution
		Debug|Any CPU = Debug|Any CPU
		Release|Any CPU = Release|Any CPU
	EndGlobalSection
	GlobalSection(ProjectConfigurationPlatforms) = postSolution
		{3A02869A-ABCB-4E0A-B49E-E783F0A24DED}.Debug|Any CPU.ActiveCfg = Debug|Any CPU
		{3A02869A-ABCB-4E0A-B49E-E783F0A24DED}.Debug|Any CPU.Build.0 = Debug|Any CPU
		{3A02869A-ABCB-4E0A-B49E-E783F0A24DED}.Release|Any CPU.ActiveCfg = Release|Any CPU
		{3A02869A-ABCB-4E0A-B49E-E783F0A24DED}.Release|Any CPU.Build.0 = Release|Any CPU
		{675E3DA3-D6CF-414D-876D-925547453E21}.Debug|Any CPU.ActiveCfg = Debug|Any CPU
		{675E3DA3-D6CF-414D-876D-925547453E21}.Debug|Any CPU.Build.0 = Debug|Any CPU
		{675E3DA3-D6CF-414D-876D-925547453E21}.Release|Any CPU.ActiveCfg = Release|Any CPU
		{675E3DA3-D6CF-414D-876D-925547453E21}.Release|Any CPU.Build.0 = Release|Any CPU
		{0A5DA195-F56B-4ED6-BD4A-C5AED40FCF10}.Debug|Any CPU.ActiveCfg = Debug|Any CPU
		{0A5DA195-F56B-4ED6-BD4A-C5AED40FCF10}.Debug|Any CPU.Build.0 = Debug|Any CPU
		{0A5DA195-F56B-4ED6-BD4A-C5AED40FCF10}.Release|Any CPU.ActiveCfg = Release|Any CPU
		{0A5DA195-F56B-4ED6-BD4A-C5AED40FCF10}.Release|Any CPU.Build.0 = Release|Any CPU
		{84E1B124-9476-40DF-9ED1-0739C454CDC3}.Debug|Any CPU.ActiveCfg = Debug|Any CPU
		{84E1B124-9476-40DF-9ED1-0739C454CDC3}.Debug|Any CPU.Build.0 = Debug|Any CPU
		{84E1B124-9476-40DF-9ED1-0739C454CDC3}.Release|Any CPU.ActiveCfg = Release|Any CPU
		{84E1B124-9476-40DF-9ED1-0739C454CDC3}.Release|Any CPU.Build.0 = Release|Any CPU
		{C65E29E9-8A3D-4D94-91E2-4126F60D70D3}.Debug|Any CPU.ActiveCfg = Debug|Any CPU
		{C65E29E9-8A3D-4D94-91E2-4126F60D70D3}.Debug|Any CPU.Build.0 = Debug|Any CPU
		{C65E29E9-8A3D-4D94-91E2-4126F60D70D3}.Release|Any CPU.ActiveCfg = Release|Any CPU
		{C65E29E9-8A3D-4D94-91E2-4126F60D70D3}.Release|Any CPU.Build.0 = Release|Any CPU
		{30AB6E84-7BFB-4B28-9316-E8BC91920A68}.Debug|Any CPU.ActiveCfg = Debug|Any CPU
		{30AB6E84-7BFB-4B28-9316-E8BC91920A68}.Debug|Any CPU.Build.0 = Debug|Any CPU
		{30AB6E84-7BFB-4B28-9316-E8BC91920A68}.Release|Any CPU.ActiveCfg = Release|Any CPU
		{30AB6E84-7BFB-4B28-9316-E8BC91920A68}.Release|Any CPU.Build.0 = Release|Any CPU
		{59703290-A843-404C-B71F-0A15F2DA6591}.Debug|Any CPU.ActiveCfg = Debug|Any CPU
		{59703290-A843-404C-B71F-0A15F2DA6591}.Debug|Any CPU.Build.0 = Debug|Any CPU
		{59703290-A843-404C-B71F-0A15F2DA6591}.Release|Any CPU.ActiveCfg = Release|Any CPU
		{59703290-A843-404C-B71F-0A15F2DA6591}.Release|Any CPU.Build.0 = Release|Any CPU
	EndGlobalSection
	GlobalSection(SolutionProperties) = preSolution
		HideSolutionNode = FALSE
	EndGlobalSection
	GlobalSection(ExtensibilityGlobals) = postSolution
		SolutionGuid = {3FA4EA59-BC2E-4651-8887-C81CA7BECA5E}
	EndGlobalSection
EndGlobal
