
Microsoft Visual Studio Solution File, Format Version 12.00
# Visual Studio Version 17
VisualStudioVersion = 17.5.33424.131
MinimumVisualStudioVersion = 10.0.40219.1
Project("{9A19103F-16F7-4668-BE54-9A1E7A4F7556}") = "WebsiteTester", "WebsiteTester\WebsiteTester.csproj", "{3A02869A-ABCB-4E0A-B49E-E783F0A24DED}"
EndProject
Project("{9A19103F-16F7-4668-BE54-9A1E7A4F7556}") = "WebsiteTester.Presentation", "WebsiteTester.Presentation\WebsiteTester.Presentation.csproj", "{675E3DA3-D6CF-414D-876D-925547453E21}"
EndProject
Project("{9A19103F-16F7-4668-BE54-9A1E7A4F7556}") = "WebsiteTester.Tests", "WebsiteTester.Tests\WebsiteTester.Tests.csproj", "{0A5DA195-F56B-4ED6-BD4A-C5AED40FCF10}"
EndProject
Project("{9A19103F-16F7-4668-BE54-9A1E7A4F7556}") = "WebsiteTester.Presentation.Tests", "WebsiteTester.Presentation.Tests\WebsiteTester.Presentation.Tests.csproj", "{84E1B124-9476-40DF-9ED1-0739C454CDC3}"
EndProject
Project("{9A19103F-16F7-4668-BE54-9A1E7A4F7556}") = "WebsiteTester.Domain", "WebsiteTester.Domain\WebsiteTester.Domain.csproj", "{C65E29E9-8A3D-4D94-91E2-4126F60D70D3}"
EndProject
Project("{9A19103F-16F7-4668-BE54-9A1E7A4F7556}") = "WebsiteTester.Persistence", "WebsiteTester.Persistence\WebsiteTester.Persistence.csproj", "{30AB6E84-7BFB-4B28-9316-E8BC91920A68}"
EndProject
Project("{9A19103F-16F7-4668-BE54-9A1E7A4F7556}") = "WebsiteTester.MVC", "WebsiteTester.MVC\WebsiteTester.MVC.csproj", "{59703290-A843-404C-B71F-0A15F2DA6591}"
EndProject
Project("{9A19103F-16F7-4668-BE54-9A1E7A4F7556}") = "WebsiteTester.Web.Logic", "WebsiteTester.MVC.Logic\WebsiteTester.Web.Logic.csproj", "{8C65CCA2-7F6C-4D09-B929-863B892833DB}"
EndProject
Project("{2150E333-8FDC-42A3-9474-1A3956D46DE8}") = "Core", "Core", "{02277573-C40E-4F02-AE06-BC4B10876A9E}"
EndProject
Project("{2150E333-8FDC-42A3-9474-1A3956D46DE8}") = "Infrastructure", "Infrastructure", "{692DCA51-DA96-4F55-A0EB-C70C20399DB6}"
EndProject
Project("{2150E333-8FDC-42A3-9474-1A3956D46DE8}") = "Presentation", "Presentation", "{CBF2E2A9-C163-4A90-BA7F-81E75FE3C56E}"
EndProject
Project("{2150E333-8FDC-42A3-9474-1A3956D46DE8}") = "MVC", "MVC", "{10EEFFCA-EC10-47A0-8183-E5B159436C39}"
EndProject
Project("{2150E333-8FDC-42A3-9474-1A3956D46DE8}") = "Console", "Console", "{7467E77A-734B-4CA4-8152-F1DEE7A60F1C}"
EndProject
Project("{2150E333-8FDC-42A3-9474-1A3956D46DE8}") = "WebApi", "WebApi", "{22EDA766-75A6-4FFB-816A-CAE408BA68D3}"
EndProject
Project("{2150E333-8FDC-42A3-9474-1A3956D46DE8}") = "Logic", "Logic", "{7C24C678-08C0-4B36-AF16-47F56CF1762B}"
EndProject
Project("{2150E333-8FDC-42A3-9474-1A3956D46DE8}") = "Tests", "Tests", "{893C42E2-ACCC-4235-AB3A-EFD4989A57F4}"
EndProject
Project("{FAE04EC0-301F-11D3-BF4B-00C04F79EFBC}") = "WebsiteTester.WebApi", "WebsiteTester.WebApi\WebsiteTester.WebApi.csproj", "{2EA30CDA-3E67-460C-B078-D3FA1F9AD894}"
EndProject
Global
	GlobalSection(SolutionConfigurationPlatforms) = preSolution
		Debug|Any CPU = Debug|Any CPU
		Release|Any CPU = Release|Any CPU
	EndGlobalSection
	GlobalSection(ProjectConfigurationPlatforms) = postSolution
		{3A02869A-ABCB-4E0A-B49E-E783F0A24DED}.Debug|Any CPU.ActiveCfg = Debug|Any CPU
		{3A02869A-ABCB-4E0A-B49E-E783F0A24DED}.Debug|Any CPU.Build.0 = Debug|Any CPU
		{3A02869A-ABCB-4E0A-B49E-E783F0A24DED}.Release|Any CPU.ActiveCfg = Release|Any CPU
		{3A02869A-ABCB-4E0A-B49E-E783F0A24DED}.Release|Any CPU.Build.0 = Release|Any CPU
		{675E3DA3-D6CF-414D-876D-925547453E21}.Debug|Any CPU.ActiveCfg = Debug|Any CPU
		{675E3DA3-D6CF-414D-876D-925547453E21}.Debug|Any CPU.Build.0 = Debug|Any CPU
		{675E3DA3-D6CF-414D-876D-925547453E21}.Release|Any CPU.ActiveCfg = Release|Any CPU
		{675E3DA3-D6CF-414D-876D-925547453E21}.Release|Any CPU.Build.0 = Release|Any CPU
		{0A5DA195-F56B-4ED6-BD4A-C5AED40FCF10}.Debug|Any CPU.ActiveCfg = Debug|Any CPU
		{0A5DA195-F56B-4ED6-BD4A-C5AED40FCF10}.Debug|Any CPU.Build.0 = Debug|Any CPU
		{0A5DA195-F56B-4ED6-BD4A-C5AED40FCF10}.Release|Any CPU.ActiveCfg = Release|Any CPU
		{0A5DA195-F56B-4ED6-BD4A-C5AED40FCF10}.Release|Any CPU.Build.0 = Release|Any CPU
		{84E1B124-9476-40DF-9ED1-0739C454CDC3}.Debug|Any CPU.ActiveCfg = Debug|Any CPU
		{84E1B124-9476-40DF-9ED1-0739C454CDC3}.Debug|Any CPU.Build.0 = Debug|Any CPU
		{84E1B124-9476-40DF-9ED1-0739C454CDC3}.Release|Any CPU.ActiveCfg = Release|Any CPU
		{84E1B124-9476-40DF-9ED1-0739C454CDC3}.Release|Any CPU.Build.0 = Release|Any CPU
		{C65E29E9-8A3D-4D94-91E2-4126F60D70D3}.Debug|Any CPU.ActiveCfg = Debug|Any CPU
		{C65E29E9-8A3D-4D94-91E2-4126F60D70D3}.Debug|Any CPU.Build.0 = Debug|Any CPU
		{C65E29E9-8A3D-4D94-91E2-4126F60D70D3}.Release|Any CPU.ActiveCfg = Release|Any CPU
		{C65E29E9-8A3D-4D94-91E2-4126F60D70D3}.Release|Any CPU.Build.0 = Release|Any CPU
		{30AB6E84-7BFB-4B28-9316-E8BC91920A68}.Debug|Any CPU.ActiveCfg = Debug|Any CPU
		{30AB6E84-7BFB-4B28-9316-E8BC91920A68}.Debug|Any CPU.Build.0 = Debug|Any CPU
		{30AB6E84-7BFB-4B28-9316-E8BC91920A68}.Release|Any CPU.ActiveCfg = Release|Any CPU
		{30AB6E84-7BFB-4B28-9316-E8BC91920A68}.Release|Any CPU.Build.0 = Release|Any CPU
		{59703290-A843-404C-B71F-0A15F2DA6591}.Debug|Any CPU.ActiveCfg = Debug|Any CPU
		{59703290-A843-404C-B71F-0A15F2DA6591}.Debug|Any CPU.Build.0 = Debug|Any CPU
		{59703290-A843-404C-B71F-0A15F2DA6591}.Release|Any CPU.ActiveCfg = Release|Any CPU
		{59703290-A843-404C-B71F-0A15F2DA6591}.Release|Any CPU.Build.0 = Release|Any CPU
		{8C65CCA2-7F6C-4D09-B929-863B892833DB}.Debug|Any CPU.ActiveCfg = Debug|Any CPU
		{8C65CCA2-7F6C-4D09-B929-863B892833DB}.Debug|Any CPU.Build.0 = Debug|Any CPU
		{8C65CCA2-7F6C-4D09-B929-863B892833DB}.Release|Any CPU.ActiveCfg = Release|Any CPU
		{8C65CCA2-7F6C-4D09-B929-863B892833DB}.Release|Any CPU.Build.0 = Release|Any CPU
		{2EA30CDA-3E67-460C-B078-D3FA1F9AD894}.Debug|Any CPU.ActiveCfg = Debug|Any CPU
		{2EA30CDA-3E67-460C-B078-D3FA1F9AD894}.Debug|Any CPU.Build.0 = Debug|Any CPU
		{2EA30CDA-3E67-460C-B078-D3FA1F9AD894}.Release|Any CPU.ActiveCfg = Release|Any CPU
		{2EA30CDA-3E67-460C-B078-D3FA1F9AD894}.Release|Any CPU.Build.0 = Release|Any CPU
	EndGlobalSection
	GlobalSection(SolutionProperties) = preSolution
		HideSolutionNode = FALSE
	EndGlobalSection
	GlobalSection(NestedProjects) = preSolution
		{3A02869A-ABCB-4E0A-B49E-E783F0A24DED} = {02277573-C40E-4F02-AE06-BC4B10876A9E}
		{675E3DA3-D6CF-414D-876D-925547453E21} = {7467E77A-734B-4CA4-8152-F1DEE7A60F1C}
		{0A5DA195-F56B-4ED6-BD4A-C5AED40FCF10} = {893C42E2-ACCC-4235-AB3A-EFD4989A57F4}
		{84E1B124-9476-40DF-9ED1-0739C454CDC3} = {893C42E2-ACCC-4235-AB3A-EFD4989A57F4}
		{C65E29E9-8A3D-4D94-91E2-4126F60D70D3} = {02277573-C40E-4F02-AE06-BC4B10876A9E}
		{30AB6E84-7BFB-4B28-9316-E8BC91920A68} = {692DCA51-DA96-4F55-A0EB-C70C20399DB6}
		{59703290-A843-404C-B71F-0A15F2DA6591} = {10EEFFCA-EC10-47A0-8183-E5B159436C39}
		{8C65CCA2-7F6C-4D09-B929-863B892833DB} = {7C24C678-08C0-4B36-AF16-47F56CF1762B}
		{10EEFFCA-EC10-47A0-8183-E5B159436C39} = {CBF2E2A9-C163-4A90-BA7F-81E75FE3C56E}
		{7467E77A-734B-4CA4-8152-F1DEE7A60F1C} = {CBF2E2A9-C163-4A90-BA7F-81E75FE3C56E}
		{22EDA766-75A6-4FFB-816A-CAE408BA68D3} = {CBF2E2A9-C163-4A90-BA7F-81E75FE3C56E}
		{7C24C678-08C0-4B36-AF16-47F56CF1762B} = {CBF2E2A9-C163-4A90-BA7F-81E75FE3C56E}
		{2EA30CDA-3E67-460C-B078-D3FA1F9AD894} = {22EDA766-75A6-4FFB-816A-CAE408BA68D3}
	EndGlobalSection
	GlobalSection(ExtensibilityGlobals) = postSolution
		SolutionGuid = {3FA4EA59-BC2E-4651-8887-C81CA7BECA5E}
	EndGlobalSection
EndGlobal
